
Microsoft Visual Studio Solution File, Format Version 12.00
# Visual Studio Version 16
VisualStudioVersion = 16.0.31424.327
MinimumVisualStudioVersion = 10.0.40219.1
Project("{FAE04EC0-301F-11D3-BF4B-00C04F79EFBC}") = "Claculadora", "Claculadora\Claculadora.csproj", "{FC371CA6-9242-4920-ADCC-7778CE2534F6}"
EndProject
Global
	GlobalSection(SolutionConfigurationPlatforms) = preSolution
		Debug|Any CPU = Debug|Any CPU
		Release|Any CPU = Release|Any CPU
	EndGlobalSection
	GlobalSection(ProjectConfigurationPlatforms) = postSolution
		{FC371CA6-9242-4920-ADCC-7778CE2534F6}.Debug|Any CPU.ActiveCfg = Debug|Any CPU
		{FC371CA6-9242-4920-ADCC-7778CE2534F6}.Debug|Any CPU.Build.0 = Debug|Any CPU
		{FC371CA6-9242-4920-ADCC-7778CE2534F6}.Release|Any CPU.ActiveCfg = Release|Any CPU
		{FC371CA6-9242-4920-ADCC-7778CE2534F6}.Release|Any CPU.Build.0 = Release|Any CPU
	EndGlobalSection
	GlobalSection(SolutionProperties) = preSolution
		HideSolutionNode = FALSE
	EndGlobalSection
	GlobalSection(ExtensibilityGlobals) = postSolution
		SolutionGuid = {CB3E6CC6-99B7-482C-B1F7-BA91A541F7E6}
	EndGlobalSection
EndGlobal
